
Microsoft Visual Studio Solution File, Format Version 12.00
# Visual Studio Version 16
VisualStudioVersion = 16.0.31515.178
MinimumVisualStudioVersion = 10.0.40219.1
Project("{FAE04EC0-301F-11D3-BF4B-00C04F79EFBC}") = "TrabalhoDS", "TrabalhoDS.csproj", "{A72E47D5-48CD-4E30-8BA0-DF9FB1AD4F5C}"
EndProject
Global
	GlobalSection(SolutionConfigurationPlatforms) = preSolution
		Debug|Any CPU = Debug|Any CPU
		Release|Any CPU = Release|Any CPU
	EndGlobalSection
	GlobalSection(ProjectConfigurationPlatforms) = postSolution
		{A72E47D5-48CD-4E30-8BA0-DF9FB1AD4F5C}.Debug|Any CPU.ActiveCfg = Debug|Any CPU
		{A72E47D5-48CD-4E30-8BA0-DF9FB1AD4F5C}.Debug|Any CPU.Build.0 = Debug|Any CPU
		{A72E47D5-48CD-4E30-8BA0-DF9FB1AD4F5C}.Release|Any CPU.ActiveCfg = Release|Any CPU
		{A72E47D5-48CD-4E30-8BA0-DF9FB1AD4F5C}.Release|Any CPU.Build.0 = Release|Any CPU
	EndGlobalSection
	GlobalSection(SolutionProperties) = preSolution
		HideSolutionNode = FALSE
	EndGlobalSection
	GlobalSection(ExtensibilityGlobals) = postSolution
		SolutionGuid = {0E84CE4B-E849-4DA0-9DD4-030D2C127246}
	EndGlobalSection
EndGlobal
